
Microsoft Visual Studio Solution File, Format Version 12.00
# Visual Studio Version 17
VisualStudioVersion = 17.0.31912.275
MinimumVisualStudioVersion = 10.0.40219.1
Project("{FAE04EC0-301F-11D3-BF4B-00C04F79EFBC}") = "HRApp", "HRApp.csproj", "{947A75F0-7813-4633-827A-E8CC3FFACB0A}"
EndProject
Global
	GlobalSection(SolutionConfigurationPlatforms) = preSolution
		Debug|Any CPU = Debug|Any CPU
		Release|Any CPU = Release|Any CPU
	EndGlobalSection
	GlobalSection(ProjectConfigurationPlatforms) = postSolution
		{947A75F0-7813-4633-827A-E8CC3FFACB0A}.Debug|Any CPU.ActiveCfg = Debug|Any CPU
		{947A75F0-7813-4633-827A-E8CC3FFACB0A}.Debug|Any CPU.Build.0 = Debug|Any CPU
		{947A75F0-7813-4633-827A-E8CC3FFACB0A}.Release|Any CPU.ActiveCfg = Release|Any CPU
		{947A75F0-7813-4633-827A-E8CC3FFACB0A}.Release|Any CPU.Build.0 = Release|Any CPU
	EndGlobalSection
	GlobalSection(SolutionProperties) = preSolution
		HideSolutionNode = FALSE
	EndGlobalSection
	GlobalSection(ExtensibilityGlobals) = postSolution
		SolutionGuid = {16E7275F-9D53-4DDE-80B2-94554556714E}
	EndGlobalSection
EndGlobal
